// !$*UTF8*$!
{
	archiveVersion = 1;
	classes = {
	};
	objectVersion = 51;
	objects = {

/* Begin PBXBuildFile section */
		450561EA23FD3FED00A23F23 /* StopWatch.storyboard in Resources */ = {isa = PBXBuildFile; fileRef = 450561E923FD3FEC00A23F23 /* StopWatch.storyboard */; };
		450561ED23FD3FFE00A23F23 /* TimerViewController.swift in Sources */ = {isa = PBXBuildFile; fileRef = 450561EB23FD3FFE00A23F23 /* TimerViewController.swift */; };
		450561EE23FD3FFE00A23F23 /* StopWatchViewController.swift in Sources */ = {isa = PBXBuildFile; fileRef = 450561EC23FD3FFE00A23F23 /* StopWatchViewController.swift */; };
		4528BBF023FD588C00219DD6 /* SideBarTableViewController.swift in Sources */ = {isa = PBXBuildFile; fileRef = 4528BBEF23FD588C00219DD6 /* SideBarTableViewController.swift */; };
		4555644223EAA921000B56D0 /* AppDelegate.swift in Sources */ = {isa = PBXBuildFile; fileRef = 4555644123EAA921000B56D0 /* AppDelegate.swift */; };
		4555644423EAA921000B56D0 /* SceneDelegate.swift in Sources */ = {isa = PBXBuildFile; fileRef = 4555644323EAA921000B56D0 /* SceneDelegate.swift */; };
		4555644623EAA921000B56D0 /* CheckListViewController.swift in Sources */ = {isa = PBXBuildFile; fileRef = 4555644523EAA921000B56D0 /* CheckListViewController.swift */; };
		4555644923EAA921000B56D0 /* Main.storyboard in Resources */ = {isa = PBXBuildFile; fileRef = 4555644723EAA921000B56D0 /* Main.storyboard */; };
		4555644B23EAA922000B56D0 /* Assets.xcassets in Resources */ = {isa = PBXBuildFile; fileRef = 4555644A23EAA922000B56D0 /* Assets.xcassets */; };
		4555644E23EAA922000B56D0 /* LaunchScreen.storyboard in Resources */ = {isa = PBXBuildFile; fileRef = 4555644C23EAA922000B56D0 /* LaunchScreen.storyboard */; };
		4555645623EAC79A000B56D0 /* CheckListItem.swift in Sources */ = {isa = PBXBuildFile; fileRef = 4555645523EAC79A000B56D0 /* CheckListItem.swift */; };
		4588B78523EC2128005140BF /* ToDoList.swift in Sources */ = {isa = PBXBuildFile; fileRef = 4588B78423EC2128005140BF /* ToDoList.swift */; };
		4588B78723EC54A0005140BF /* ItemDetailViewController.swift in Sources */ = {isa = PBXBuildFile; fileRef = 4588B78623EC54A0005140BF /* ItemDetailViewController.swift */; };
		45E092CE23F0408400CF3DB5 /* CheckListTableViewCell.swift in Sources */ = {isa = PBXBuildFile; fileRef = 45E092CD23F0408400CF3DB5 /* CheckListTableViewCell.swift */; };
		45FC59A62426381D006C8BE2 /* SWRevealViewController.m in Sources */ = {isa = PBXBuildFile; fileRef = 45FC59A42426381D006C8BE2 /* SWRevealViewController.m */; };
		90EE036DEC93450E5E394872 /* Pods_CheckList.framework in Frameworks */ = {isa = PBXBuildFile; fileRef = 7F29CC3D431ADAD17E920709 /* Pods_CheckList.framework */; };
/* End PBXBuildFile section */

/* Begin PBXFileReference section */
		24E8A4F94C651412C74CA7A1 /* Pods-CheckList.release.xcconfig */ = {isa = PBXFileReference; includeInIndex = 1; lastKnownFileType = text.xcconfig; name = "Pods-CheckList.release.xcconfig"; path = "Target Support Files/Pods-CheckList/Pods-CheckList.release.xcconfig"; sourceTree = "<group>"; };
		450561E923FD3FEC00A23F23 /* StopWatch.storyboard */ = {isa = PBXFileReference; fileEncoding = 4; lastKnownFileType = file.storyboard; path = StopWatch.storyboard; sourceTree = "<group>"; };
		450561EB23FD3FFE00A23F23 /* TimerViewController.swift */ = {isa = PBXFileReference; fileEncoding = 4; lastKnownFileType = sourcecode.swift; path = TimerViewController.swift; sourceTree = "<group>"; };
		450561EC23FD3FFE00A23F23 /* StopWatchViewController.swift */ = {isa = PBXFileReference; fileEncoding = 4; lastKnownFileType = sourcecode.swift; path = StopWatchViewController.swift; sourceTree = "<group>"; };
		4528BBEF23FD588C00219DD6 /* SideBarTableViewController.swift */ = {isa = PBXFileReference; lastKnownFileType = sourcecode.swift; path = SideBarTableViewController.swift; sourceTree = "<group>"; };
		4555643E23EAA921000B56D0 /* TaskManager.app */ = {isa = PBXFileReference; explicitFileType = wrapper.application; includeInIndex = 0; path = TaskManager.app; sourceTree = BUILT_PRODUCTS_DIR; };
		4555644123EAA921000B56D0 /* AppDelegate.swift */ = {isa = PBXFileReference; lastKnownFileType = sourcecode.swift; path = AppDelegate.swift; sourceTree = "<group>"; };
		4555644323EAA921000B56D0 /* SceneDelegate.swift */ = {isa = PBXFileReference; lastKnownFileType = sourcecode.swift; path = SceneDelegate.swift; sourceTree = "<group>"; };
		4555644523EAA921000B56D0 /* CheckListViewController.swift */ = {isa = PBXFileReference; lastKnownFileType = sourcecode.swift; path = CheckListViewController.swift; sourceTree = "<group>"; };
		4555644823EAA921000B56D0 /* Base */ = {isa = PBXFileReference; lastKnownFileType = file.storyboard; name = Base; path = Base.lproj/Main.storyboard; sourceTree = "<group>"; };
		4555644A23EAA922000B56D0 /* Assets.xcassets */ = {isa = PBXFileReference; lastKnownFileType = folder.assetcatalog; path = Assets.xcassets; sourceTree = "<group>"; };
		4555644D23EAA922000B56D0 /* Base */ = {isa = PBXFileReference; lastKnownFileType = file.storyboard; name = Base; path = Base.lproj/LaunchScreen.storyboard; sourceTree = "<group>"; };
		4555644F23EAA922000B56D0 /* Info.plist */ = {isa = PBXFileReference; lastKnownFileType = text.plist.xml; path = Info.plist; sourceTree = "<group>"; };
		4555645523EAC79A000B56D0 /* CheckListItem.swift */ = {isa = PBXFileReference; lastKnownFileType = sourcecode.swift; path = CheckListItem.swift; sourceTree = "<group>"; };
		4588B78423EC2128005140BF /* ToDoList.swift */ = {isa = PBXFileReference; lastKnownFileType = sourcecode.swift; path = ToDoList.swift; sourceTree = "<group>"; };
		4588B78623EC54A0005140BF /* ItemDetailViewController.swift */ = {isa = PBXFileReference; lastKnownFileType = sourcecode.swift; path = ItemDetailViewController.swift; sourceTree = "<group>"; };
		45E092CD23F0408400CF3DB5 /* CheckListTableViewCell.swift */ = {isa = PBXFileReference; lastKnownFileType = sourcecode.swift; path = CheckListTableViewCell.swift; sourceTree = "<group>"; };
		45EC983923FEBF070065D7D8 /* CheckList-Bridging-Header.h */ = {isa = PBXFileReference; lastKnownFileType = sourcecode.c.h; path = "CheckList-Bridging-Header.h"; sourceTree = "<group>"; };
		45FC59A42426381D006C8BE2 /* SWRevealViewController.m */ = {isa = PBXFileReference; fileEncoding = 4; lastKnownFileType = sourcecode.c.objc; name = SWRevealViewController.m; path = CheckList/Fraemworks/SWRevealViewController.m; sourceTree = SOURCE_ROOT; };
		45FC59A52426381D006C8BE2 /* SWRevealViewController.h */ = {isa = PBXFileReference; fileEncoding = 4; lastKnownFileType = sourcecode.c.h; name = SWRevealViewController.h; path = CheckList/Fraemworks/SWRevealViewController.h; sourceTree = SOURCE_ROOT; };
		7F29CC3D431ADAD17E920709 /* Pods_CheckList.framework */ = {isa = PBXFileReference; explicitFileType = wrapper.framework; includeInIndex = 0; path = Pods_CheckList.framework; sourceTree = BUILT_PRODUCTS_DIR; };
		82687B639202DEE36C494FFF /* Pods-CheckList.debug.xcconfig */ = {isa = PBXFileReference; includeInIndex = 1; lastKnownFileType = text.xcconfig; name = "Pods-CheckList.debug.xcconfig"; path = "Target Support Files/Pods-CheckList/Pods-CheckList.debug.xcconfig"; sourceTree = "<group>"; };
/* End PBXFileReference section */

/* Begin PBXFrameworksBuildPhase section */
		4555643B23EAA921000B56D0 /* Frameworks */ = {
			isa = PBXFrameworksBuildPhase;
			buildActionMask = 2147483647;
			files = (
				90EE036DEC93450E5E394872 /* Pods_CheckList.framework in Frameworks */,
			);
			runOnlyForDeploymentPostprocessing = 0;
		};
/* End PBXFrameworksBuildPhase section */

/* Begin PBXGroup section */
		450561DD23FD37FE00A23F23 /* ViewControllers */ = {
			isa = PBXGroup;
			children = (
				4555644523EAA921000B56D0 /* CheckListViewController.swift */,
				4588B78623EC54A0005140BF /* ItemDetailViewController.swift */,
				450561EC23FD3FFE00A23F23 /* StopWatchViewController.swift */,
				450561EB23FD3FFE00A23F23 /* TimerViewController.swift */,
				4528BBEF23FD588C00219DD6 /* SideBarTableViewController.swift */,
			);
			path = ViewControllers;
			sourceTree = "<group>";
		};
		450561DE23FD383D00A23F23 /* Views */ = {
			isa = PBXGroup;
			children = (
				45E092CD23F0408400CF3DB5 /* CheckListTableViewCell.swift */,
			);
			path = Views;
			sourceTree = "<group>";
		};
		450561DF23FD384D00A23F23 /* Models */ = {
			isa = PBXGroup;
			children = (
				4555645523EAC79A000B56D0 /* CheckListItem.swift */,
				4588B78423EC2128005140BF /* ToDoList.swift */,
			);
			path = Models;
			sourceTree = "<group>";
		};
		4555643523EAA921000B56D0 = {
			isa = PBXGroup;
			children = (
				4555644023EAA921000B56D0 /* CheckList */,
				4555643F23EAA921000B56D0 /* Products */,
				C04FA327BEABE2DC56C4CF8D /* Pods */,
				6C0EA5CA2B04E6F3CA4E2DB2 /* Frameworks */,
			);
			sourceTree = "<group>";
		};
		4555643F23EAA921000B56D0 /* Products */ = {
			isa = PBXGroup;
			children = (
				4555643E23EAA921000B56D0 /* TaskManager.app */,
			);
			name = Products;
			sourceTree = "<group>";
		};
		4555644023EAA921000B56D0 /* CheckList */ = {
			isa = PBXGroup;
			children = (
				45EC983523FEA9BF0065D7D8 /* Frameworks */,
				450561DF23FD384D00A23F23 /* Models */,
				450561DE23FD383D00A23F23 /* Views */,
				450561DD23FD37FE00A23F23 /* ViewControllers */,
				4555644123EAA921000B56D0 /* AppDelegate.swift */,
				4555644323EAA921000B56D0 /* SceneDelegate.swift */,
				4555644723EAA921000B56D0 /* Main.storyboard */,
				450561E923FD3FEC00A23F23 /* StopWatch.storyboard */,
				4555644A23EAA922000B56D0 /* Assets.xcassets */,
				4555644C23EAA922000B56D0 /* LaunchScreen.storyboard */,
				4555644F23EAA922000B56D0 /* Info.plist */,
			);
			path = CheckList;
			sourceTree = "<group>";
		};
		45EC983523FEA9BF0065D7D8 /* Frameworks */ = {
			isa = PBXGroup;
			children = (
				45FC59A52426381D006C8BE2 /* SWRevealViewController.h */,
				45FC59A42426381D006C8BE2 /* SWRevealViewController.m */,
				45EC983923FEBF070065D7D8 /* CheckList-Bridging-Header.h */,
			);
			path = Frameworks;
			sourceTree = "<group>";
		};
		6C0EA5CA2B04E6F3CA4E2DB2 /* Frameworks */ = {
			isa = PBXGroup;
			children = (
				7F29CC3D431ADAD17E920709 /* Pods_CheckList.framework */,
			);
			name = Frameworks;
			sourceTree = "<group>";
		};
		C04FA327BEABE2DC56C4CF8D /* Pods */ = {
			isa = PBXGroup;
			children = (
				82687B639202DEE36C494FFF /* Pods-CheckList.debug.xcconfig */,
				24E8A4F94C651412C74CA7A1 /* Pods-CheckList.release.xcconfig */,
			);
			path = Pods;
			sourceTree = "<group>";
		};
/* End PBXGroup section */

/* Begin PBXNativeTarget section */
		4555643D23EAA921000B56D0 /* CheckList */ = {
			isa = PBXNativeTarget;
			buildConfigurationList = 4555645223EAA922000B56D0 /* Build configuration list for PBXNativeTarget "CheckList" */;
			buildPhases = (
				068652E81EB3DA3D4E50A2C4 /* [CP] Check Pods Manifest.lock */,
				4555643A23EAA921000B56D0 /* Sources */,
				4555643B23EAA921000B56D0 /* Frameworks */,
				4555643C23EAA921000B56D0 /* Resources */,
				A5F1CB1DD8A4AFA5B21D83CA /* [CP] Embed Pods Frameworks */,
			);
			buildRules = (
			);
			dependencies = (
			);
			name = CheckList;
			productName = CheckList;
			productReference = 4555643E23EAA921000B56D0 /* TaskManager.app */;
			productType = "com.apple.product-type.application";
		};
/* End PBXNativeTarget section */

/* Begin PBXProject section */
		4555643623EAA921000B56D0 /* Project object */ = {
			isa = PBXProject;
			attributes = {
				LastSwiftUpdateCheck = 1130;
				LastUpgradeCheck = 1130;
				ORGANIZATIONNAME = Islam;
				TargetAttributes = {
					4555643D23EAA921000B56D0 = {
						CreatedOnToolsVersion = 11.3.1;
						LastSwiftMigration = 1130;
					};
				};
			};
			buildConfigurationList = 4555643923EAA921000B56D0 /* Build configuration list for PBXProject "CheckList" */;
			compatibilityVersion = "Xcode 9.3";
			developmentRegion = en;
			hasScannedForEncodings = 0;
			knownRegions = (
				en,
				Base,
			);
			mainGroup = 4555643523EAA921000B56D0;
			productRefGroup = 4555643F23EAA921000B56D0 /* Products */;
			projectDirPath = "";
			projectRoot = "";
			targets = (
				4555643D23EAA921000B56D0 /* CheckList */,
			);
		};
/* End PBXProject section */

/* Begin PBXResourcesBuildPhase section */
		4555643C23EAA921000B56D0 /* Resources */ = {
			isa = PBXResourcesBuildPhase;
			buildActionMask = 2147483647;
			files = (
				450561EA23FD3FED00A23F23 /* StopWatch.storyboard in Resources */,
				4555644E23EAA922000B56D0 /* LaunchScreen.storyboard in Resources */,
				4555644B23EAA922000B56D0 /* Assets.xcassets in Resources */,
				4555644923EAA921000B56D0 /* Main.storyboard in Resources */,
			);
			runOnlyForDeploymentPostprocessing = 0;
		};
/* End PBXResourcesBuildPhase section */

/* Begin PBXShellScriptBuildPhase section */
		068652E81EB3DA3D4E50A2C4 /* [CP] Check Pods Manifest.lock */ = {
			isa = PBXShellScriptBuildPhase;
			buildActionMask = 2147483647;
			files = (
			);
			inputFileListPaths = (
			);
			inputPaths = (
				"${PODS_PODFILE_DIR_PATH}/Podfile.lock",
				"${PODS_ROOT}/Manifest.lock",
			);
			name = "[CP] Check Pods Manifest.lock";
			outputFileListPaths = (
			);
			outputPaths = (
				"$(DERIVED_FILE_DIR)/Pods-CheckList-checkManifestLockResult.txt",
			);
			runOnlyForDeploymentPostprocessing = 0;
			shellPath = /bin/sh;
			shellScript = "diff \"${PODS_PODFILE_DIR_PATH}/Podfile.lock\" \"${PODS_ROOT}/Manifest.lock\" > /dev/null\nif [ $? != 0 ] ; then\n    # print error to STDERR\n    echo \"error: The sandbox is not in sync with the Podfile.lock. Run 'pod install' or update your CocoaPods installation.\" >&2\n    exit 1\nfi\n# This output is used by Xcode 'outputs' to avoid re-running this script phase.\necho \"SUCCESS\" > \"${SCRIPT_OUTPUT_FILE_0}\"\n";
			showEnvVarsInLog = 0;
		};
		A5F1CB1DD8A4AFA5B21D83CA /* [CP] Embed Pods Frameworks */ = {
			isa = PBXShellScriptBuildPhase;
			buildActionMask = 2147483647;
			files = (
			);
			inputFileListPaths = (
				"${PODS_ROOT}/Target Support Files/Pods-CheckList/Pods-CheckList-frameworks-${CONFIGURATION}-input-files.xcfilelist",
			);
			name = "[CP] Embed Pods Frameworks";
			outputFileListPaths = (
				"${PODS_ROOT}/Target Support Files/Pods-CheckList/Pods-CheckList-frameworks-${CONFIGURATION}-output-files.xcfilelist",
			);
			runOnlyForDeploymentPostprocessing = 0;
			shellPath = /bin/sh;
			shellScript = "\"${PODS_ROOT}/Target Support Files/Pods-CheckList/Pods-CheckList-frameworks.sh\"\n";
			showEnvVarsInLog = 0;
		};
/* End PBXShellScriptBuildPhase section */

/* Begin PBXSourcesBuildPhase section */
		4555643A23EAA921000B56D0 /* Sources */ = {
			isa = PBXSourcesBuildPhase;
			buildActionMask = 2147483647;
			files = (
				45E092CE23F0408400CF3DB5 /* CheckListTableViewCell.swift in Sources */,
				4555644623EAA921000B56D0 /* CheckListViewController.swift in Sources */,
				4555644223EAA921000B56D0 /* AppDelegate.swift in Sources */,
				4588B78723EC54A0005140BF /* ItemDetailViewController.swift in Sources */,
				450561EE23FD3FFE00A23F23 /* StopWatchViewController.swift in Sources */,
				450561ED23FD3FFE00A23F23 /* TimerViewController.swift in Sources */,
				4588B78523EC2128005140BF /* ToDoList.swift in Sources */,
				4555644423EAA921000B56D0 /* SceneDelegate.swift in Sources */,
				45FC59A62426381D006C8BE2 /* SWRevealViewController.m in Sources */,
				4555645623EAC79A000B56D0 /* CheckListItem.swift in Sources */,
				4528BBF023FD588C00219DD6 /* SideBarTableViewController.swift in Sources */,
			);
			runOnlyForDeploymentPostprocessing = 0;
		};
/* End PBXSourcesBuildPhase section */

/* Begin PBXVariantGroup section */
		4555644723EAA921000B56D0 /* Main.storyboard */ = {
			isa = PBXVariantGroup;
			children = (
				4555644823EAA921000B56D0 /* Base */,
			);
			name = Main.storyboard;
			sourceTree = "<group>";
		};
		4555644C23EAA922000B56D0 /* LaunchScreen.storyboard */ = {
			isa = PBXVariantGroup;
			children = (
				4555644D23EAA922000B56D0 /* Base */,
			);
			name = LaunchScreen.storyboard;
			sourceTree = "<group>";
		};
/* End PBXVariantGroup section */

/* Begin XCBuildConfiguration section */
		4555645023EAA922000B56D0 /* Debug */ = {
			isa = XCBuildConfiguration;
			buildSettings = {
				ALWAYS_SEARCH_USER_PATHS = NO;
				CLANG_ANALYZER_NONNULL = YES;
				CLANG_ANALYZER_NUMBER_OBJECT_CONVERSION = YES_AGGRESSIVE;
				CLANG_CXX_LANGUAGE_STANDARD = "gnu++14";
				CLANG_CXX_LIBRARY = "libc++";
				CLANG_ENABLE_MODULES = YES;
				CLANG_ENABLE_OBJC_ARC = YES;
				CLANG_ENABLE_OBJC_WEAK = YES;
				CLANG_WARN_BLOCK_CAPTURE_AUTORELEASING = YES;
				CLANG_WARN_BOOL_CONVERSION = YES;
				CLANG_WARN_COMMA = YES;
				CLANG_WARN_CONSTANT_CONVERSION = YES;
				CLANG_WARN_DEPRECATED_OBJC_IMPLEMENTATIONS = YES;
				CLANG_WARN_DIRECT_OBJC_ISA_USAGE = YES_ERROR;
				CLANG_WARN_DOCUMENTATION_COMMENTS = YES;
				CLANG_WARN_EMPTY_BODY = YES;
				CLANG_WARN_ENUM_CONVERSION = YES;
				CLANG_WARN_INFINITE_RECURSION = YES;
				CLANG_WARN_INT_CONVERSION = YES;
				CLANG_WARN_NON_LITERAL_NULL_CONVERSION = YES;
				CLANG_WARN_OBJC_IMPLICIT_RETAIN_SELF = YES;
				CLANG_WARN_OBJC_LITERAL_CONVERSION = YES;
				CLANG_WARN_OBJC_ROOT_CLASS = YES_ERROR;
				CLANG_WARN_RANGE_LOOP_ANALYSIS = YES;
				CLANG_WARN_STRICT_PROTOTYPES = YES;
				CLANG_WARN_SUSPICIOUS_MOVE = YES;
				CLANG_WARN_UNGUARDED_AVAILABILITY = YES_AGGRESSIVE;
				CLANG_WARN_UNREACHABLE_CODE = YES;
				CLANG_WARN__DUPLICATE_METHOD_MATCH = YES;
				COPY_PHASE_STRIP = NO;
				DEBUG_INFORMATION_FORMAT = dwarf;
				ENABLE_STRICT_OBJC_MSGSEND = YES;
				ENABLE_TESTABILITY = YES;
				GCC_C_LANGUAGE_STANDARD = gnu11;
				GCC_DYNAMIC_NO_PIC = NO;
				GCC_NO_COMMON_BLOCKS = YES;
				GCC_OPTIMIZATION_LEVEL = 0;
				GCC_PREPROCESSOR_DEFINITIONS = (
					"DEBUG=1",
					"$(inherited)",
				);
				GCC_WARN_64_TO_32_BIT_CONVERSION = YES;
				GCC_WARN_ABOUT_RETURN_TYPE = YES_ERROR;
				GCC_WARN_UNDECLARED_SELECTOR = YES;
				GCC_WARN_UNINITIALIZED_AUTOS = YES_AGGRESSIVE;
				GCC_WARN_UNUSED_FUNCTION = YES;
				GCC_WARN_UNUSED_VARIABLE = YES;
				IPHONEOS_DEPLOYMENT_TARGET = 13.2;
				MTL_ENABLE_DEBUG_INFO = INCLUDE_SOURCE;
				MTL_FAST_MATH = YES;
				ONLY_ACTIVE_ARCH = YES;
				SDKROOT = iphoneos;
				SWIFT_ACTIVE_COMPILATION_CONDITIONS = DEBUG;
				SWIFT_OPTIMIZATION_LEVEL = "-Onone";
				SWIFT_VERSION = 5.0;
			};
			name = Debug;
		};
		4555645123EAA922000B56D0 /* Release */ = {
			isa = XCBuildConfiguration;
			buildSettings = {
				ALWAYS_SEARCH_USER_PATHS = NO;
				CLANG_ANALYZER_NONNULL = YES;
				CLANG_ANALYZER_NUMBER_OBJECT_CONVERSION = YES_AGGRESSIVE;
				CLANG_CXX_LANGUAGE_STANDARD = "gnu++14";
				CLANG_CXX_LIBRARY = "libc++";
				CLANG_ENABLE_MODULES = YES;
				CLANG_ENABLE_OBJC_ARC = YES;
				CLANG_ENABLE_OBJC_WEAK = YES;
				CLANG_WARN_BLOCK_CAPTURE_AUTORELEASING = YES;
				CLANG_WARN_BOOL_CONVERSION = YES;
				CLANG_WARN_COMMA = YES;
				CLANG_WARN_CONSTANT_CONVERSION = YES;
				CLANG_WARN_DEPRECATED_OBJC_IMPLEMENTATIONS = YES;
				CLANG_WARN_DIRECT_OBJC_ISA_USAGE = YES_ERROR;
				CLANG_WARN_DOCUMENTATION_COMMENTS = YES;
				CLANG_WARN_EMPTY_BODY = YES;
				CLANG_WARN_ENUM_CONVERSION = YES;
				CLANG_WARN_INFINITE_RECURSION = YES;
				CLANG_WARN_INT_CONVERSION = YES;
				CLANG_WARN_NON_LITERAL_NULL_CONVERSION = YES;
				CLANG_WARN_OBJC_IMPLICIT_RETAIN_SELF = YES;
				CLANG_WARN_OBJC_LITERAL_CONVERSION = YES;
				CLANG_WARN_OBJC_ROOT_CLASS = YES_ERROR;
				CLANG_WARN_RANGE_LOOP_ANALYSIS = YES;
				CLANG_WARN_STRICT_PROTOTYPES = YES;
				CLANG_WARN_SUSPICIOUS_MOVE = YES;
				CLANG_WARN_UNGUARDED_AVAILABILITY = YES_AGGRESSIVE;
				CLANG_WARN_UNREACHABLE_CODE = YES;
				CLANG_WARN__DUPLICATE_METHOD_MATCH = YES;
				COPY_PHASE_STRIP = NO;
				DEBUG_INFORMATION_FORMAT = "dwarf-with-dsym";
				ENABLE_NS_ASSERTIONS = NO;
				ENABLE_STRICT_OBJC_MSGSEND = YES;
				GCC_C_LANGUAGE_STANDARD = gnu11;
				GCC_NO_COMMON_BLOCKS = YES;
				GCC_WARN_64_TO_32_BIT_CONVERSION = YES;
				GCC_WARN_ABOUT_RETURN_TYPE = YES_ERROR;
				GCC_WARN_UNDECLARED_SELECTOR = YES;
				GCC_WARN_UNINITIALIZED_AUTOS = YES_AGGRESSIVE;
				GCC_WARN_UNUSED_FUNCTION = YES;
				GCC_WARN_UNUSED_VARIABLE = YES;
				IPHONEOS_DEPLOYMENT_TARGET = 13.2;
				MTL_ENABLE_DEBUG_INFO = NO;
				MTL_FAST_MATH = YES;
				SDKROOT = iphoneos;
				SWIFT_COMPILATION_MODE = wholemodule;
				SWIFT_OPTIMIZATION_LEVEL = "-O";
				SWIFT_VERSION = 5.0;
				VALIDATE_PRODUCT = YES;
			};
			name = Release;
		};
		4555645323EAA922000B56D0 /* Debug */ = {
			isa = XCBuildConfiguration;
			baseConfigurationReference = 82687B639202DEE36C494FFF /* Pods-CheckList.debug.xcconfig */;
			buildSettings = {
				ASSETCATALOG_COMPILER_APPICON_NAME = "AppIcon-1";
				CLANG_ENABLE_MODULES = YES;
				CODE_SIGN_STYLE = Automatic;
				DEVELOPMENT_TEAM = U63823ANYA;
				INFOPLIST_FILE = CheckList/Info.plist;
				LD_RUNPATH_SEARCH_PATHS = (
					"$(inherited)",
					"@executable_path/Frameworks",
				);
				PRODUCT_BUNDLE_IDENTIFIER = islam.CheckList;
				PRODUCT_NAME = TaskManager;
				SWIFT_OBJC_BRIDGING_HEADER = "CheckList/Frameworks/CheckList-Bridging-Header.h";
				SWIFT_OPTIMIZATION_LEVEL = "-Onone";
				SWIFT_VERSION = 5.0;
				TARGETED_DEVICE_FAMILY = "1,2";
			};
			name = Debug;
		};
		4555645423EAA922000B56D0 /* Release */ = {
			isa = XCBuildConfiguration;
			baseConfigurationReference = 24E8A4F94C651412C74CA7A1 /* Pods-CheckList.release.xcconfig */;
			buildSettings = {
				ASSETCATALOG_COMPILER_APPICON_NAME = "AppIcon-1";
				CLANG_ENABLE_MODULES = YES;
				CODE_SIGN_STYLE = Automatic;
				DEVELOPMENT_TEAM = U63823ANYA;
				INFOPLIST_FILE = CheckList/Info.plist;
				LD_RUNPATH_SEARCH_PATHS = (
					"$(inherited)",
					"@executable_path/Frameworks",
				);
				PRODUCT_BUNDLE_IDENTIFIER = islam.CheckList;
				PRODUCT_NAME = TaskManager;
				SWIFT_OBJC_BRIDGING_HEADER = "CheckList/Frameworks/CheckList-Bridging-Header.h";
				SWIFT_VERSION = 5.0;
				TARGETED_DEVICE_FAMILY = "1,2";
			};
			name = Release;
		};
/* End XCBuildConfiguration section */

/* Begin XCConfigurationList section */
		4555643923EAA921000B56D0 /* Build configuration list for PBXProject "CheckList" */ = {
			isa = XCConfigurationList;
			buildConfigurations = (
				4555645023EAA922000B56D0 /* Debug */,
				4555645123EAA922000B56D0 /* Release */,
			);
			defaultConfigurationIsVisible = 0;
			defaultConfigurationName = Release;
		};
		4555645223EAA922000B56D0 /* Build configuration list for PBXNativeTarget "CheckList" */ = {
			isa = XCConfigurationList;
			buildConfigurations = (
				4555645323EAA922000B56D0 /* Debug */,
				4555645423EAA922000B56D0 /* Release */,
			);
			defaultConfigurationIsVisible = 0;
			defaultConfigurationName = Release;
		};
/* End XCConfigurationList section */
	};
	rootObject = 4555643623EAA921000B56D0 /* Project object */;
}
